
Microsoft Visual Studio Solution File, Format Version 12.00
# Visual Studio 2013
VisualStudioVersion = 12.0.21005.1
MinimumVisualStudioVersion = 10.0.40219.1
Project("{FAE04EC0-301F-11D3-BF4B-00C04F79EFBC}") = "Apricot.Web", "Apricot.Web\Apricot.Web.csproj", "{F2EA9E95-F27D-48C7-A124-212FDD709EB6}"
EndProject
Project("{FAE04EC0-301F-11D3-BF4B-00C04F79EFBC}") = "Apricot.Data", "Apricot.Data\Apricot.Data.csproj", "{2E4F7230-3CAE-474B-947F-9FEC61C00D80}"
EndProject
Project("{FAE04EC0-301F-11D3-BF4B-00C04F79EFBC}") = "Apricot.BusinessLogic", "Apricot.BusinessLogic\Apricot.BusinessLogic.csproj", "{99E36797-D170-4EE0-BB62-472D8F7FFE44}"
EndProject
Global
	GlobalSection(SolutionConfigurationPlatforms) = preSolution
		Debug|Any CPU = Debug|Any CPU
		Release|Any CPU = Release|Any CPU
	EndGlobalSection
	GlobalSection(ProjectConfigurationPlatforms) = postSolution
		{F2EA9E95-F27D-48C7-A124-212FDD709EB6}.Debug|Any CPU.ActiveCfg = Debug|Any CPU
		{F2EA9E95-F27D-48C7-A124-212FDD709EB6}.Debug|Any CPU.Build.0 = Debug|Any CPU
		{F2EA9E95-F27D-48C7-A124-212FDD709EB6}.Release|Any CPU.ActiveCfg = Release|Any CPU
		{F2EA9E95-F27D-48C7-A124-212FDD709EB6}.Release|Any CPU.Build.0 = Release|Any CPU
		{2E4F7230-3CAE-474B-947F-9FEC61C00D80}.Debug|Any CPU.ActiveCfg = Debug|Any CPU
		{2E4F7230-3CAE-474B-947F-9FEC61C00D80}.Debug|Any CPU.Build.0 = Debug|Any CPU
		{2E4F7230-3CAE-474B-947F-9FEC61C00D80}.Release|Any CPU.ActiveCfg = Release|Any CPU
		{2E4F7230-3CAE-474B-947F-9FEC61C00D80}.Release|Any CPU.Build.0 = Release|Any CPU
		{99E36797-D170-4EE0-BB62-472D8F7FFE44}.Debug|Any CPU.ActiveCfg = Debug|Any CPU
		{99E36797-D170-4EE0-BB62-472D8F7FFE44}.Debug|Any CPU.Build.0 = Debug|Any CPU
		{99E36797-D170-4EE0-BB62-472D8F7FFE44}.Release|Any CPU.ActiveCfg = Release|Any CPU
		{99E36797-D170-4EE0-BB62-472D8F7FFE44}.Release|Any CPU.Build.0 = Release|Any CPU
	EndGlobalSection
	GlobalSection(SolutionProperties) = preSolution
		HideSolutionNode = FALSE
	EndGlobalSection
EndGlobal
