
Microsoft Visual Studio Solution File, Format Version 12.00
# Visual Studio 2013
VisualStudioVersion = 12.0.21005.1
MinimumVisualStudioVersion = 10.0.40219.1
Project("{FAE04EC0-301F-11D3-BF4B-00C04F79EFBC}") = "Apricot.Web", "Apricot.Web\Apricot.Web.csproj", "{F6AA185A-BB58-4610-BD14-4D71D8715FAD}"
EndProject
Project("{FAE04EC0-301F-11D3-BF4B-00C04F79EFBC}") = "Apricot.Data", "Apricot.Data\Apricot.Data.csproj", "{4D4DE8DE-B212-46FB-B401-18B4B1A5501C}"
EndProject
Project("{FAE04EC0-301F-11D3-BF4B-00C04F79EFBC}") = "Apricot.BusinessLogic", "Apricot.BusinessLogic\Apricot.BusinessLogic.csproj", "{833C96F8-427B-4BA0-86BC-B214E9F8BE26}"
EndProject
Global
	GlobalSection(SolutionConfigurationPlatforms) = preSolution
		Debug|Any CPU = Debug|Any CPU
		Release|Any CPU = Release|Any CPU
	EndGlobalSection
	GlobalSection(ProjectConfigurationPlatforms) = postSolution
		{F6AA185A-BB58-4610-BD14-4D71D8715FAD}.Debug|Any CPU.ActiveCfg = Debug|Any CPU
		{F6AA185A-BB58-4610-BD14-4D71D8715FAD}.Debug|Any CPU.Build.0 = Debug|Any CPU
		{F6AA185A-BB58-4610-BD14-4D71D8715FAD}.Release|Any CPU.ActiveCfg = Release|Any CPU
		{F6AA185A-BB58-4610-BD14-4D71D8715FAD}.Release|Any CPU.Build.0 = Release|Any CPU
		{4D4DE8DE-B212-46FB-B401-18B4B1A5501C}.Debug|Any CPU.ActiveCfg = Debug|Any CPU
		{4D4DE8DE-B212-46FB-B401-18B4B1A5501C}.Debug|Any CPU.Build.0 = Debug|Any CPU
		{4D4DE8DE-B212-46FB-B401-18B4B1A5501C}.Release|Any CPU.ActiveCfg = Release|Any CPU
		{4D4DE8DE-B212-46FB-B401-18B4B1A5501C}.Release|Any CPU.Build.0 = Release|Any CPU
		{833C96F8-427B-4BA0-86BC-B214E9F8BE26}.Debug|Any CPU.ActiveCfg = Debug|Any CPU
		{833C96F8-427B-4BA0-86BC-B214E9F8BE26}.Debug|Any CPU.Build.0 = Debug|Any CPU
		{833C96F8-427B-4BA0-86BC-B214E9F8BE26}.Release|Any CPU.ActiveCfg = Release|Any CPU
		{833C96F8-427B-4BA0-86BC-B214E9F8BE26}.Release|Any CPU.Build.0 = Release|Any CPU
	EndGlobalSection
	GlobalSection(SolutionProperties) = preSolution
		HideSolutionNode = FALSE
	EndGlobalSection
EndGlobal
